
Microsoft Visual Studio Solution File, Format Version 12.00
# Visual Studio Version 16
VisualStudioVersion = 16.0.33529.622
MinimumVisualStudioVersion = 10.0.40219.1
Project("{FAE04EC0-301F-11D3-BF4B-00C04F79EFBC}") = "Yesil Vadi Metalurji", "Yesil Vadi Metalurji\Yesil Vadi Metalurji.csproj", "{F410A74E-7A26-4009-9D56-9470E1D59F2B}"
EndProject
Project("{FAE04EC0-301F-11D3-BF4B-00C04F79EFBC}") = "Entity", "Entity\Entity.csproj", "{3FE59671-3059-4041-923B-217BA31A9636}"
EndProject
Project("{FAE04EC0-301F-11D3-BF4B-00C04F79EFBC}") = "DataAccess", "DataAccess\DataAccess.csproj", "{D4E85C07-412D-43FB-83DB-7DCE437C6646}"
EndProject
Project("{FAE04EC0-301F-11D3-BF4B-00C04F79EFBC}") = "Core", "Core\Core.csproj", "{68CA5A57-9E88-45D1-A1CE-29F54B30F20C}"
EndProject
Project("{FAE04EC0-301F-11D3-BF4B-00C04F79EFBC}") = "Business", "Business\Business.csproj", "{71C78958-3CD8-4B7E-B138-9517B869555D}"
EndProject
Global
	GlobalSection(SolutionConfigurationPlatforms) = preSolution
		Debug|Any CPU = Debug|Any CPU
		Release|Any CPU = Release|Any CPU
	EndGlobalSection
	GlobalSection(ProjectConfigurationPlatforms) = postSolution
		{F410A74E-7A26-4009-9D56-9470E1D59F2B}.Debug|Any CPU.ActiveCfg = Debug|Any CPU
		{F410A74E-7A26-4009-9D56-9470E1D59F2B}.Debug|Any CPU.Build.0 = Debug|Any CPU
		{F410A74E-7A26-4009-9D56-9470E1D59F2B}.Release|Any CPU.ActiveCfg = Release|Any CPU
		{F410A74E-7A26-4009-9D56-9470E1D59F2B}.Release|Any CPU.Build.0 = Release|Any CPU
		{3FE59671-3059-4041-923B-217BA31A9636}.Debug|Any CPU.ActiveCfg = Debug|Any CPU
		{3FE59671-3059-4041-923B-217BA31A9636}.Debug|Any CPU.Build.0 = Debug|Any CPU
		{3FE59671-3059-4041-923B-217BA31A9636}.Release|Any CPU.ActiveCfg = Release|Any CPU
		{3FE59671-3059-4041-923B-217BA31A9636}.Release|Any CPU.Build.0 = Release|Any CPU
		{D4E85C07-412D-43FB-83DB-7DCE437C6646}.Debug|Any CPU.ActiveCfg = Debug|Any CPU
		{D4E85C07-412D-43FB-83DB-7DCE437C6646}.Debug|Any CPU.Build.0 = Debug|Any CPU
		{D4E85C07-412D-43FB-83DB-7DCE437C6646}.Release|Any CPU.ActiveCfg = Release|Any CPU
		{D4E85C07-412D-43FB-83DB-7DCE437C6646}.Release|Any CPU.Build.0 = Release|Any CPU
		{68CA5A57-9E88-45D1-A1CE-29F54B30F20C}.Debug|Any CPU.ActiveCfg = Debug|Any CPU
		{68CA5A57-9E88-45D1-A1CE-29F54B30F20C}.Debug|Any CPU.Build.0 = Debug|Any CPU
		{68CA5A57-9E88-45D1-A1CE-29F54B30F20C}.Release|Any CPU.ActiveCfg = Release|Any CPU
		{68CA5A57-9E88-45D1-A1CE-29F54B30F20C}.Release|Any CPU.Build.0 = Release|Any CPU
		{71C78958-3CD8-4B7E-B138-9517B869555D}.Debug|Any CPU.ActiveCfg = Debug|Any CPU
		{71C78958-3CD8-4B7E-B138-9517B869555D}.Debug|Any CPU.Build.0 = Debug|Any CPU
		{71C78958-3CD8-4B7E-B138-9517B869555D}.Release|Any CPU.ActiveCfg = Release|Any CPU
		{71C78958-3CD8-4B7E-B138-9517B869555D}.Release|Any CPU.Build.0 = Release|Any CPU
	EndGlobalSection
	GlobalSection(SolutionProperties) = preSolution
		HideSolutionNode = FALSE
	EndGlobalSection
	GlobalSection(ExtensibilityGlobals) = postSolution
		SolutionGuid = {8FBD43BC-CCA3-4FF7-8B98-BCED74ADE472}
	EndGlobalSection
EndGlobal
